// !$*UTF8*$!
{
	archiveVersion = 1;
	classes = {
	};
	objectVersion = 48;
	objects = {

/* Begin PBXBuildFile section */
		8D10C1D41F9C724F00032458 /* AppDelegate.swift in Sources */ = {isa = PBXBuildFile; fileRef = 8D10C1D31F9C724F00032458 /* AppDelegate.swift */; };
		8D10C1D61F9C724F00032458 /* ViewController.swift in Sources */ = {isa = PBXBuildFile; fileRef = 8D10C1D51F9C724F00032458 /* ViewController.swift */; };
		8D10C1D91F9C724F00032458 /* Main.storyboard in Resources */ = {isa = PBXBuildFile; fileRef = 8D10C1D71F9C724F00032458 /* Main.storyboard */; };
		8D10C1DB1F9C724F00032458 /* Assets.xcassets in Resources */ = {isa = PBXBuildFile; fileRef = 8D10C1DA1F9C724F00032458 /* Assets.xcassets */; };
		8D10C1DE1F9C724F00032458 /* LaunchScreen.storyboard in Resources */ = {isa = PBXBuildFile; fileRef = 8D10C1DC1F9C724F00032458 /* LaunchScreen.storyboard */; };
		8D10C1E91F9C724F00032458 /* DemoTests.swift in Sources */ = {isa = PBXBuildFile; fileRef = 8D10C1E81F9C724F00032458 /* DemoTests.swift */; };
		8D10C1F41F9C725000032458 /* DemoUITests.swift in Sources */ = {isa = PBXBuildFile; fileRef = 8D10C1F31F9C725000032458 /* DemoUITests.swift */; };
		8D10C2021F9C72D500032458 /* InnerTransition.swift in Sources */ = {isa = PBXBuildFile; fileRef = 8D10C2011F9C72D500032458 /* InnerTransition.swift */; };
		8D10C2041F9C73DC00032458 /* UIView+.swift in Sources */ = {isa = PBXBuildFile; fileRef = 8D10C2031F9C73DC00032458 /* UIView+.swift */; };
/* End PBXBuildFile section */

/* Begin PBXContainerItemProxy section */
		8D10C1E51F9C724F00032458 /* PBXContainerItemProxy */ = {
			isa = PBXContainerItemProxy;
			containerPortal = 8D10C1C81F9C724F00032458 /* Project object */;
			proxyType = 1;
			remoteGlobalIDString = 8D10C1CF1F9C724F00032458;
			remoteInfo = Demo;
		};
		8D10C1F01F9C725000032458 /* PBXContainerItemProxy */ = {
			isa = PBXContainerItemProxy;
			containerPortal = 8D10C1C81F9C724F00032458 /* Project object */;
			proxyType = 1;
			remoteGlobalIDString = 8D10C1CF1F9C724F00032458;
			remoteInfo = Demo;
		};
/* End PBXContainerItemProxy section */

/* Begin PBXFileReference section */
		8D10C1D01F9C724F00032458 /* Demo.app */ = {isa = PBXFileReference; explicitFileType = wrapper.application; includeInIndex = 0; path = Demo.app; sourceTree = BUILT_PRODUCTS_DIR; };
		8D10C1D31F9C724F00032458 /* AppDelegate.swift */ = {isa = PBXFileReference; lastKnownFileType = sourcecode.swift; path = AppDelegate.swift; sourceTree = "<group>"; };
		8D10C1D51F9C724F00032458 /* ViewController.swift */ = {isa = PBXFileReference; lastKnownFileType = sourcecode.swift; path = ViewController.swift; sourceTree = "<group>"; };
		8D10C1D81F9C724F00032458 /* Base */ = {isa = PBXFileReference; lastKnownFileType = file.storyboard; name = Base; path = Base.lproj/Main.storyboard; sourceTree = "<group>"; };
		8D10C1DA1F9C724F00032458 /* Assets.xcassets */ = {isa = PBXFileReference; lastKnownFileType = folder.assetcatalog; path = Assets.xcassets; sourceTree = "<group>"; };
		8D10C1DD1F9C724F00032458 /* Base */ = {isa = PBXFileReference; lastKnownFileType = file.storyboard; name = Base; path = Base.lproj/LaunchScreen.storyboard; sourceTree = "<group>"; };
		8D10C1DF1F9C724F00032458 /* Info.plist */ = {isa = PBXFileReference; lastKnownFileType = text.plist.xml; path = Info.plist; sourceTree = "<group>"; };
		8D10C1E41F9C724F00032458 /* DemoTests.xctest */ = {isa = PBXFileReference; explicitFileType = wrapper.cfbundle; includeInIndex = 0; path = DemoTests.xctest; sourceTree = BUILT_PRODUCTS_DIR; };
		8D10C1E81F9C724F00032458 /* DemoTests.swift */ = {isa = PBXFileReference; lastKnownFileType = sourcecode.swift; path = DemoTests.swift; sourceTree = "<group>"; };
		8D10C1EA1F9C725000032458 /* Info.plist */ = {isa = PBXFileReference; lastKnownFileType = text.plist.xml; path = Info.plist; sourceTree = "<group>"; };
		8D10C1EF1F9C725000032458 /* DemoUITests.xctest */ = {isa = PBXFileReference; explicitFileType = wrapper.cfbundle; includeInIndex = 0; path = DemoUITests.xctest; sourceTree = BUILT_PRODUCTS_DIR; };
		8D10C1F31F9C725000032458 /* DemoUITests.swift */ = {isa = PBXFileReference; lastKnownFileType = sourcecode.swift; path = DemoUITests.swift; sourceTree = "<group>"; };
		8D10C1F51F9C725000032458 /* Info.plist */ = {isa = PBXFileReference; lastKnownFileType = text.plist.xml; path = Info.plist; sourceTree = "<group>"; };
		8D10C2011F9C72D500032458 /* InnerTransition.swift */ = {isa = PBXFileReference; lastKnownFileType = sourcecode.swift; name = InnerTransition.swift; path = ../InnerTransition/InnerTransition.swift; sourceTree = "<group>"; };
		8D10C2031F9C73DC00032458 /* UIView+.swift */ = {isa = PBXFileReference; lastKnownFileType = sourcecode.swift; name = "UIView+.swift"; path = "../InnerTransition/UIView+.swift"; sourceTree = "<group>"; };
/* End PBXFileReference section */

/* Begin PBXFrameworksBuildPhase section */
		8D10C1CD1F9C724F00032458 /* Frameworks */ = {
			isa = PBXFrameworksBuildPhase;
			buildActionMask = 2147483647;
			files = (
			);
			runOnlyForDeploymentPostprocessing = 0;
		};
		8D10C1E11F9C724F00032458 /* Frameworks */ = {
			isa = PBXFrameworksBuildPhase;
			buildActionMask = 2147483647;
			files = (
			);
			runOnlyForDeploymentPostprocessing = 0;
		};
		8D10C1EC1F9C725000032458 /* Frameworks */ = {
			isa = PBXFrameworksBuildPhase;
			buildActionMask = 2147483647;
			files = (
			);
			runOnlyForDeploymentPostprocessing = 0;
		};
/* End PBXFrameworksBuildPhase section */

/* Begin PBXGroup section */
		8D10C1C71F9C724F00032458 = {
			isa = PBXGroup;
			children = (
				8D10C2011F9C72D500032458 /* InnerTransition.swift */,
				8D10C2031F9C73DC00032458 /* UIView+.swift */,
				8D10C1D21F9C724F00032458 /* Demo */,
				8D10C1E71F9C724F00032458 /* DemoTests */,
				8D10C1F21F9C725000032458 /* DemoUITests */,
				8D10C1D11F9C724F00032458 /* Products */,
			);
			sourceTree = "<group>";
		};
		8D10C1D11F9C724F00032458 /* Products */ = {
			isa = PBXGroup;
			children = (
				8D10C1D01F9C724F00032458 /* Demo.app */,
				8D10C1E41F9C724F00032458 /* DemoTests.xctest */,
				8D10C1EF1F9C725000032458 /* DemoUITests.xctest */,
			);
			name = Products;
			sourceTree = "<group>";
		};
		8D10C1D21F9C724F00032458 /* Demo */ = {
			isa = PBXGroup;
			children = (
				8D10C1D31F9C724F00032458 /* AppDelegate.swift */,
				8D10C1D51F9C724F00032458 /* ViewController.swift */,
				8D10C1D71F9C724F00032458 /* Main.storyboard */,
				8D10C1DA1F9C724F00032458 /* Assets.xcassets */,
				8D10C1DC1F9C724F00032458 /* LaunchScreen.storyboard */,
				8D10C1DF1F9C724F00032458 /* Info.plist */,
			);
			path = Demo;
			sourceTree = "<group>";
		};
		8D10C1E71F9C724F00032458 /* DemoTests */ = {
			isa = PBXGroup;
			children = (
				8D10C1E81F9C724F00032458 /* DemoTests.swift */,
				8D10C1EA1F9C725000032458 /* Info.plist */,
			);
			path = DemoTests;
			sourceTree = "<group>";
		};
		8D10C1F21F9C725000032458 /* DemoUITests */ = {
			isa = PBXGroup;
			children = (
				8D10C1F31F9C725000032458 /* DemoUITests.swift */,
				8D10C1F51F9C725000032458 /* Info.plist */,
			);
			path = DemoUITests;
			sourceTree = "<group>";
		};
/* End PBXGroup section */

/* Begin PBXNativeTarget section */
		8D10C1CF1F9C724F00032458 /* Demo */ = {
			isa = PBXNativeTarget;
			buildConfigurationList = 8D10C1F81F9C725000032458 /* Build configuration list for PBXNativeTarget "Demo" */;
			buildPhases = (
				8D10C1CC1F9C724F00032458 /* Sources */,
				8D10C1CD1F9C724F00032458 /* Frameworks */,
				8D10C1CE1F9C724F00032458 /* Resources */,
			);
			buildRules = (
			);
			dependencies = (
			);
			name = Demo;
			productName = Demo;
			productReference = 8D10C1D01F9C724F00032458 /* Demo.app */;
			productType = "com.apple.product-type.application";
		};
		8D10C1E31F9C724F00032458 /* DemoTests */ = {
			isa = PBXNativeTarget;
			buildConfigurationList = 8D10C1FB1F9C725000032458 /* Build configuration list for PBXNativeTarget "DemoTests" */;
			buildPhases = (
				8D10C1E01F9C724F00032458 /* Sources */,
				8D10C1E11F9C724F00032458 /* Frameworks */,
				8D10C1E21F9C724F00032458 /* Resources */,
			);
			buildRules = (
			);
			dependencies = (
				8D10C1E61F9C724F00032458 /* PBXTargetDependency */,
			);
			name = DemoTests;
			productName = DemoTests;
			productReference = 8D10C1E41F9C724F00032458 /* DemoTests.xctest */;
			productType = "com.apple.product-type.bundle.unit-test";
		};
		8D10C1EE1F9C725000032458 /* DemoUITests */ = {
			isa = PBXNativeTarget;
			buildConfigurationList = 8D10C1FE1F9C725000032458 /* Build configuration list for PBXNativeTarget "DemoUITests" */;
			buildPhases = (
				8D10C1EB1F9C725000032458 /* Sources */,
				8D10C1EC1F9C725000032458 /* Frameworks */,
				8D10C1ED1F9C725000032458 /* Resources */,
			);
			buildRules = (
			);
			dependencies = (
				8D10C1F11F9C725000032458 /* PBXTargetDependency */,
			);
			name = DemoUITests;
			productName = DemoUITests;
			productReference = 8D10C1EF1F9C725000032458 /* DemoUITests.xctest */;
			productType = "com.apple.product-type.bundle.ui-testing";
		};
/* End PBXNativeTarget section */

/* Begin PBXProject section */
		8D10C1C81F9C724F00032458 /* Project object */ = {
			isa = PBXProject;
			attributes = {
				LastSwiftUpdateCheck = 0900;
				LastUpgradeCheck = 0900;
				ORGANIZATIONNAME = KosukeOhmura;
				TargetAttributes = {
					8D10C1CF1F9C724F00032458 = {
						CreatedOnToolsVersion = 9.0.1;
						ProvisioningStyle = Automatic;
					};
					8D10C1E31F9C724F00032458 = {
						CreatedOnToolsVersion = 9.0.1;
						ProvisioningStyle = Automatic;
						TestTargetID = 8D10C1CF1F9C724F00032458;
					};
					8D10C1EE1F9C725000032458 = {
						CreatedOnToolsVersion = 9.0.1;
						ProvisioningStyle = Automatic;
						TestTargetID = 8D10C1CF1F9C724F00032458;
					};
				};
			};
			buildConfigurationList = 8D10C1CB1F9C724F00032458 /* Build configuration list for PBXProject "Demo" */;
			compatibilityVersion = "Xcode 8.0";
			developmentRegion = en;
			hasScannedForEncodings = 0;
			knownRegions = (
				en,
				Base,
			);
			mainGroup = 8D10C1C71F9C724F00032458;
			productRefGroup = 8D10C1D11F9C724F00032458 /* Products */;
			projectDirPath = "";
			projectRoot = "";
			targets = (
				8D10C1CF1F9C724F00032458 /* Demo */,
				8D10C1E31F9C724F00032458 /* DemoTests */,
				8D10C1EE1F9C725000032458 /* DemoUITests */,
			);
		};
/* End PBXProject section */

/* Begin PBXResourcesBuildPhase section */
		8D10C1CE1F9C724F00032458 /* Resources */ = {
			isa = PBXResourcesBuildPhase;
			buildActionMask = 2147483647;
			files = (
				8D10C1DE1F9C724F00032458 /* LaunchScreen.storyboard in Resources */,
				8D10C1DB1F9C724F00032458 /* Assets.xcassets in Resources */,
				8D10C1D91F9C724F00032458 /* Main.storyboard in Resources */,
			);
			runOnlyForDeploymentPostprocessing = 0;
		};
		8D10C1E21F9C724F00032458 /* Resources */ = {
			isa = PBXResourcesBuildPhase;
			buildActionMask = 2147483647;
			files = (
			);
			runOnlyForDeploymentPostprocessing = 0;
		};
		8D10C1ED1F9C725000032458 /* Resources */ = {
			isa = PBXResourcesBuildPhase;
			buildActionMask = 2147483647;
			files = (
			);
			runOnlyForDeploymentPostprocessing = 0;
		};
/* End PBXResourcesBuildPhase section */

/* Begin PBXSourcesBuildPhase section */
		8D10C1CC1F9C724F00032458 /* Sources */ = {
			isa = PBXSourcesBuildPhase;
			buildActionMask = 2147483647;
			files = (
				8D10C2041F9C73DC00032458 /* UIView+.swift in Sources */,
				8D10C1D61F9C724F00032458 /* ViewController.swift in Sources */,
				8D10C1D41F9C724F00032458 /* AppDelegate.swift in Sources */,
				8D10C2021F9C72D500032458 /* InnerTransition.swift in Sources */,
			);
			runOnlyForDeploymentPostprocessing = 0;
		};
		8D10C1E01F9C724F00032458 /* Sources */ = {
			isa = PBXSourcesBuildPhase;
			buildActionMask = 2147483647;
			files = (
				8D10C1E91F9C724F00032458 /* DemoTests.swift in Sources */,
			);
			runOnlyForDeploymentPostprocessing = 0;
		};
		8D10C1EB1F9C725000032458 /* Sources */ = {
			isa = PBXSourcesBuildPhase;
			buildActionMask = 2147483647;
			files = (
				8D10C1F41F9C725000032458 /* DemoUITests.swift in Sources */,
			);
			runOnlyForDeploymentPostprocessing = 0;
		};
/* End PBXSourcesBuildPhase section */

/* Begin PBXTargetDependency section */
		8D10C1E61F9C724F00032458 /* PBXTargetDependency */ = {
			isa = PBXTargetDependency;
			target = 8D10C1CF1F9C724F00032458 /* Demo */;
			targetProxy = 8D10C1E51F9C724F00032458 /* PBXContainerItemProxy */;
		};
		8D10C1F11F9C725000032458 /* PBXTargetDependency */ = {
			isa = PBXTargetDependency;
			target = 8D10C1CF1F9C724F00032458 /* Demo */;
			targetProxy = 8D10C1F01F9C725000032458 /* PBXContainerItemProxy */;
		};
/* End PBXTargetDependency section */

/* Begin PBXVariantGroup section */
		8D10C1D71F9C724F00032458 /* Main.storyboard */ = {
			isa = PBXVariantGroup;
			children = (
				8D10C1D81F9C724F00032458 /* Base */,
			);
			name = Main.storyboard;
			sourceTree = "<group>";
		};
		8D10C1DC1F9C724F00032458 /* LaunchScreen.storyboard */ = {
			isa = PBXVariantGroup;
			children = (
				8D10C1DD1F9C724F00032458 /* Base */,
			);
			name = LaunchScreen.storyboard;
			sourceTree = "<group>";
		};
/* End PBXVariantGroup section */

/* Begin XCBuildConfiguration section */
		8D10C1F61F9C725000032458 /* Debug */ = {
			isa = XCBuildConfiguration;
			buildSettings = {
				ALWAYS_SEARCH_USER_PATHS = NO;
				CLANG_ANALYZER_NONNULL = YES;
				CLANG_ANALYZER_NUMBER_OBJECT_CONVERSION = YES_AGGRESSIVE;
				CLANG_CXX_LANGUAGE_STANDARD = "gnu++14";
				CLANG_CXX_LIBRARY = "libc++";
				CLANG_ENABLE_MODULES = YES;
				CLANG_ENABLE_OBJC_ARC = YES;
				CLANG_WARN_BLOCK_CAPTURE_AUTORELEASING = YES;
				CLANG_WARN_BOOL_CONVERSION = YES;
				CLANG_WARN_COMMA = YES;
				CLANG_WARN_CONSTANT_CONVERSION = YES;
				CLANG_WARN_DIRECT_OBJC_ISA_USAGE = YES_ERROR;
				CLANG_WARN_DOCUMENTATION_COMMENTS = YES;
				CLANG_WARN_EMPTY_BODY = YES;
				CLANG_WARN_ENUM_CONVERSION = YES;
				CLANG_WARN_INFINITE_RECURSION = YES;
				CLANG_WARN_INT_CONVERSION = YES;
				CLANG_WARN_NON_LITERAL_NULL_CONVERSION = YES;
				CLANG_WARN_OBJC_LITERAL_CONVERSION = YES;
				CLANG_WARN_OBJC_ROOT_CLASS = YES_ERROR;
				CLANG_WARN_RANGE_LOOP_ANALYSIS = YES;
				CLANG_WARN_STRICT_PROTOTYPES = YES;
				CLANG_WARN_SUSPICIOUS_MOVE = YES;
				CLANG_WARN_UNGUARDED_AVAILABILITY = YES_AGGRESSIVE;
				CLANG_WARN_UNREACHABLE_CODE = YES;
				CLANG_WARN__DUPLICATE_METHOD_MATCH = YES;
				CODE_SIGN_IDENTITY = "iPhone Developer";
				COPY_PHASE_STRIP = NO;
				DEBUG_INFORMATION_FORMAT = dwarf;
				ENABLE_STRICT_OBJC_MSGSEND = YES;
				ENABLE_TESTABILITY = YES;
				GCC_C_LANGUAGE_STANDARD = gnu11;
				GCC_DYNAMIC_NO_PIC = NO;
				GCC_NO_COMMON_BLOCKS = YES;
				GCC_OPTIMIZATION_LEVEL = 0;
				GCC_PREPROCESSOR_DEFINITIONS = (
					"DEBUG=1",
					"$(inherited)",
				);
				GCC_WARN_64_TO_32_BIT_CONVERSION = YES;
				GCC_WARN_ABOUT_RETURN_TYPE = YES_ERROR;
				GCC_WARN_UNDECLARED_SELECTOR = YES;
				GCC_WARN_UNINITIALIZED_AUTOS = YES_AGGRESSIVE;
				GCC_WARN_UNUSED_FUNCTION = YES;
				GCC_WARN_UNUSED_VARIABLE = YES;
				IPHONEOS_DEPLOYMENT_TARGET = 11.0;
				MTL_ENABLE_DEBUG_INFO = YES;
				ONLY_ACTIVE_ARCH = YES;
				SDKROOT = iphoneos;
				SWIFT_ACTIVE_COMPILATION_CONDITIONS = DEBUG;
				SWIFT_OPTIMIZATION_LEVEL = "-Onone";
			};
			name = Debug;
		};
		8D10C1F71F9C725000032458 /* Release */ = {
			isa = XCBuildConfiguration;
			buildSettings = {
				ALWAYS_SEARCH_USER_PATHS = NO;
				CLANG_ANALYZER_NONNULL = YES;
				CLANG_ANALYZER_NUMBER_OBJECT_CONVERSION = YES_AGGRESSIVE;
				CLANG_CXX_LANGUAGE_STANDARD = "gnu++14";
				CLANG_CXX_LIBRARY = "libc++";
				CLANG_ENABLE_MODULES = YES;
				CLANG_ENABLE_OBJC_ARC = YES;
				CLANG_WARN_BLOCK_CAPTURE_AUTORELEASING = YES;
				CLANG_WARN_BOOL_CONVERSION = YES;
				CLANG_WARN_COMMA = YES;
				CLANG_WARN_CONSTANT_CONVERSION = YES;
				CLANG_WARN_DIRECT_OBJC_ISA_USAGE = YES_ERROR;
				CLANG_WARN_DOCUMENTATION_COMMENTS = YES;
				CLANG_WARN_EMPTY_BODY = YES;
				CLANG_WARN_ENUM_CONVERSION = YES;
				CLANG_WARN_INFINITE_RECURSION = YES;
				CLANG_WARN_INT_CONVERSION = YES;
				CLANG_WARN_NON_LITERAL_NULL_CONVERSION = YES;
				CLANG_WARN_OBJC_LITERAL_CONVERSION = YES;
				CLANG_WARN_OBJC_ROOT_CLASS = YES_ERROR;
				CLANG_WARN_RANGE_LOOP_ANALYSIS = YES;
				CLANG_WARN_STRICT_PROTOTYPES = YES;
				CLANG_WARN_SUSPICIOUS_MOVE = YES;
				CLANG_WARN_UNGUARDED_AVAILABILITY = YES_AGGRESSIVE;
				CLANG_WARN_UNREACHABLE_CODE = YES;
				CLANG_WARN__DUPLICATE_METHOD_MATCH = YES;
				CODE_SIGN_IDENTITY = "iPhone Developer";
				COPY_PHASE_STRIP = NO;
				DEBUG_INFORMATION_FORMAT = "dwarf-with-dsym";
				ENABLE_NS_ASSERTIONS = NO;
				ENABLE_STRICT_OBJC_MSGSEND = YES;
				GCC_C_LANGUAGE_STANDARD = gnu11;
				GCC_NO_COMMON_BLOCKS = YES;
				GCC_WARN_64_TO_32_BIT_CONVERSION = YES;
				GCC_WARN_ABOUT_RETURN_TYPE = YES_ERROR;
				GCC_WARN_UNDECLARED_SELECTOR = YES;
				GCC_WARN_UNINITIALIZED_AUTOS = YES_AGGRESSIVE;
				GCC_WARN_UNUSED_FUNCTION = YES;
				GCC_WARN_UNUSED_VARIABLE = YES;
				IPHONEOS_DEPLOYMENT_TARGET = 11.0;
				MTL_ENABLE_DEBUG_INFO = NO;
				SDKROOT = iphoneos;
				SWIFT_OPTIMIZATION_LEVEL = "-Owholemodule";
				VALIDATE_PRODUCT = YES;
			};
			name = Release;
		};
		8D10C1F91F9C725000032458 /* Debug */ = {
			isa = XCBuildConfiguration;
			buildSettings = {
				ASSETCATALOG_COMPILER_APPICON_NAME = AppIcon;
				CODE_SIGN_STYLE = Automatic;
				DEVELOPMENT_TEAM = 2VTDZ4T2M9;
				INFOPLIST_FILE = Demo/Info.plist;
				LD_RUNPATH_SEARCH_PATHS = "$(inherited) @executable_path/Frameworks";
				PRODUCT_BUNDLE_IDENTIFIER = org.kosukeohmura.Demo;
				PRODUCT_NAME = "$(TARGET_NAME)";
				SWIFT_VERSION = 4.0;
				TARGETED_DEVICE_FAMILY = "1,2";
			};
			name = Debug;
		};
		8D10C1FA1F9C725000032458 /* Release */ = {
			isa = XCBuildConfiguration;
			buildSettings = {
				ASSETCATALOG_COMPILER_APPICON_NAME = AppIcon;
				CODE_SIGN_STYLE = Automatic;
				DEVELOPMENT_TEAM = 2VTDZ4T2M9;
				INFOPLIST_FILE = Demo/Info.plist;
				LD_RUNPATH_SEARCH_PATHS = "$(inherited) @executable_path/Frameworks";
				PRODUCT_BUNDLE_IDENTIFIER = org.kosukeohmura.Demo;
				PRODUCT_NAME = "$(TARGET_NAME)";
				SWIFT_VERSION = 4.0;
				TARGETED_DEVICE_FAMILY = "1,2";
			};
			name = Release;
		};
		8D10C1FC1F9C725000032458 /* Debug */ = {
			isa = XCBuildConfiguration;
			buildSettings = {
				ALWAYS_EMBED_SWIFT_STANDARD_LIBRARIES = YES;
				BUNDLE_LOADER = "$(TEST_HOST)";
				CODE_SIGN_STYLE = Automatic;
				DEVELOPMENT_TEAM = 2VTDZ4T2M9;
				INFOPLIST_FILE = DemoTests/Info.plist;
				LD_RUNPATH_SEARCH_PATHS = "$(inherited) @executable_path/Frameworks @loader_path/Frameworks";
				PRODUCT_BUNDLE_IDENTIFIER = org.kosukeohmura.DemoTests;
				PRODUCT_NAME = "$(TARGET_NAME)";
				SWIFT_VERSION = 4.0;
				TARGETED_DEVICE_FAMILY = "1,2";
				TEST_HOST = "$(BUILT_PRODUCTS_DIR)/Demo.app/Demo";
			};
			name = Debug;
		};
		8D10C1FD1F9C725000032458 /* Release */ = {
			isa = XCBuildConfiguration;
			buildSettings = {
				ALWAYS_EMBED_SWIFT_STANDARD_LIBRARIES = YES;
				BUNDLE_LOADER = "$(TEST_HOST)";
				CODE_SIGN_STYLE = Automatic;
				DEVELOPMENT_TEAM = 2VTDZ4T2M9;
				INFOPLIST_FILE = DemoTests/Info.plist;
				LD_RUNPATH_SEARCH_PATHS = "$(inherited) @executable_path/Frameworks @loader_path/Frameworks";
				PRODUCT_BUNDLE_IDENTIFIER = org.kosukeohmura.DemoTests;
				PRODUCT_NAME = "$(TARGET_NAME)";
				SWIFT_VERSION = 4.0;
				TARGETED_DEVICE_FAMILY = "1,2";
				TEST_HOST = "$(BUILT_PRODUCTS_DIR)/Demo.app/Demo";
			};
			name = Release;
		};
		8D10C1FF1F9C725000032458 /* Debug */ = {
			isa = XCBuildConfiguration;
			buildSettings = {
				ALWAYS_EMBED_SWIFT_STANDARD_LIBRARIES = YES;
				CODE_SIGN_STYLE = Automatic;
				DEVELOPMENT_TEAM = 2VTDZ4T2M9;
				INFOPLIST_FILE = DemoUITests/Info.plist;
				LD_RUNPATH_SEARCH_PATHS = "$(inherited) @executable_path/Frameworks @loader_path/Frameworks";
				PRODUCT_BUNDLE_IDENTIFIER = org.kosukeohmura.DemoUITests;
				PRODUCT_NAME = "$(TARGET_NAME)";
				SWIFT_VERSION = 4.0;
				TARGETED_DEVICE_FAMILY = "1,2";
				TEST_TARGET_NAME = Demo;
			};
			name = Debug;
		};
		8D10C2001F9C725000032458 /* Release */ = {
			isa = XCBuildConfiguration;
			buildSettings = {
				ALWAYS_EMBED_SWIFT_STANDARD_LIBRARIES = YES;
				CODE_SIGN_STYLE = Automatic;
				DEVELOPMENT_TEAM = 2VTDZ4T2M9;
				INFOPLIST_FILE = DemoUITests/Info.plist;
				LD_RUNPATH_SEARCH_PATHS = "$(inherited) @executable_path/Frameworks @loader_path/Frameworks";
				PRODUCT_BUNDLE_IDENTIFIER = org.kosukeohmura.DemoUITests;
				PRODUCT_NAME = "$(TARGET_NAME)";
				SWIFT_VERSION = 4.0;
				TARGETED_DEVICE_FAMILY = "1,2";
				TEST_TARGET_NAME = Demo;
			};
			name = Release;
		};
/* End XCBuildConfiguration section */

/* Begin XCConfigurationList section */
		8D10C1CB1F9C724F00032458 /* Build configuration list for PBXProject "Demo" */ = {
			isa = XCConfigurationList;
			buildConfigurations = (
				8D10C1F61F9C725000032458 /* Debug */,
				8D10C1F71F9C725000032458 /* Release */,
			);
			defaultConfigurationIsVisible = 0;
			defaultConfigurationName = Release;
		};
		8D10C1F81F9C725000032458 /* Build configuration list for PBXNativeTarget "Demo" */ = {
			isa = XCConfigurationList;
			buildConfigurations = (
				8D10C1F91F9C725000032458 /* Debug */,
				8D10C1FA1F9C725000032458 /* Release */,
			);
			defaultConfigurationIsVisible = 0;
			defaultConfigurationName = Release;
		};
		8D10C1FB1F9C725000032458 /* Build configuration list for PBXNativeTarget "DemoTests" */ = {
			isa = XCConfigurationList;
			buildConfigurations = (
				8D10C1FC1F9C725000032458 /* Debug */,
				8D10C1FD1F9C725000032458 /* Release */,
			);
			defaultConfigurationIsVisible = 0;
			defaultConfigurationName = Release;
		};
		8D10C1FE1F9C725000032458 /* Build configuration list for PBXNativeTarget "DemoUITests" */ = {
			isa = XCConfigurationList;
			buildConfigurations = (
				8D10C1FF1F9C725000032458 /* Debug */,
				8D10C2001F9C725000032458 /* Release */,
			);
			defaultConfigurationIsVisible = 0;
			defaultConfigurationName = Release;
		};
/* End XCConfigurationList section */
	};
	rootObject = 8D10C1C81F9C724F00032458 /* Project object */;
}
